{
  "name": "binarysearch-rjt",
  "version": "1.0.0",
  "lockfileVersion": 3,
  "requires": true,
  "packages": {
    "": {
      "name": "binarysearch-rjt",
      "version": "1.0.0",
      "license": "MIT",
      "dependencies": {
        "binarysearch-rjt": "^1.0.0"
      }
    },
    "node_modules/binarysearch-rjt": {
      "version": "1.0.0",
      "resolved": "https://registry.npmjs.org/binarysearch-rjt/-/binarysearch-rjt-1.0.0.tgz",
      "integrity": "sha512-+QxGSOMxM1gmGtKtG51FrBuXtAfL/uuKh7OfJEJnyivRHz92jvfeVm+DwV0S/lMjK2cjKaq98GQKvFGJVb1wNA==",
      "license": "MIT"
    }
  }
}
